
Microsoft Visual Studio Solution File, Format Version 12.00
# Visual Studio Version 17
VisualStudioVersion = 17.2.32616.157
MinimumVisualStudioVersion = 10.0.40219.1
Project("{9A19103F-16F7-4668-BE54-9A1E7A4F7556}") = "PrintingTask", "PrintingTask\PrintingTask.csproj", "{A01C9C05-22F7-46AC-8BA4-1E52DA5A42CD}"
EndProject
Global
	GlobalSection(SolutionConfigurationPlatforms) = preSolution
		Debug|Any CPU = Debug|Any CPU
		Release|Any CPU = Release|Any CPU
	EndGlobalSection
	GlobalSection(ProjectConfigurationPlatforms) = postSolution
		{A01C9C05-22F7-46AC-8BA4-1E52DA5A42CD}.Debug|Any CPU.ActiveCfg = Debug|Any CPU
		{A01C9C05-22F7-46AC-8BA4-1E52DA5A42CD}.Debug|Any CPU.Build.0 = Debug|Any CPU
		{A01C9C05-22F7-46AC-8BA4-1E52DA5A42CD}.Release|Any CPU.ActiveCfg = Release|Any CPU
		{A01C9C05-22F7-46AC-8BA4-1E52DA5A42CD}.Release|Any CPU.Build.0 = Release|Any CPU
	EndGlobalSection
	GlobalSection(SolutionProperties) = preSolution
		HideSolutionNode = FALSE
	EndGlobalSection
	GlobalSection(ExtensibilityGlobals) = postSolution
		SolutionGuid = {DCCD899D-0F4F-49BF-9F1A-E654A90AEB25}
	EndGlobalSection
EndGlobal
